PODS:
  - apple_vision_recognize_text (0.0.4):
    - Flutter
    - FlutterMacOS
  - Flutter (1.0.0)
  - flutter_credit_card_scanner (0.0.1):
    - Flutter

DEPENDENCIES:
  - apple_vision_recognize_text (from `.symlinks/plugins/apple_vision_recognize_text/darwin`)
  - Flutter (from `Flutter`)
  - flutter_credit_card_scanner (from `.symlinks/plugins/flutter_credit_card_scanner/ios`)

EXTERNAL SOURCES:
  apple_vision_recognize_text:
    :path: ".symlinks/plugins/apple_vision_recognize_text/darwin"
  Flutter:
    :path: Flutter
  flutter_credit_card_scanner:
    :path: ".symlinks/plugins/flutter_credit_card_scanner/ios"

SPEC CHECKSUMS:
  apple_vision_recognize_text: bfeefd7756b6f96c40c1b840a444b345a31ff15b
  Flutter: cabc95a1d2626b1b06e7179b784ebcf0c0cde467
  flutter_credit_card_scanner: cb4e7a58ba2ab4c31f2d64403e0389536c570556

PODFILE CHECKSUM: 33a6d1d1667710f79b4363f64bfb26819a55d0d2

COCOAPODS: 1.16.2
